
Microsoft Visual Studio Solution File, Format Version 12.00
# Visual Studio Version 17
VisualStudioVersion = 17.8.34322.80
MinimumVisualStudioVersion = 10.0.40219.1
Project("{FAE04EC0-301F-11D3-BF4B-00C04F79EFBC}") = "Class Day 1", "Class Day 1\Class Day 1.csproj", "{B985C6A3-205B-47D5-A99D-DF74705535F2}"
EndProject
Global
	GlobalSection(SolutionConfigurationPlatforms) = preSolution
		Debug|Any CPU = Debug|Any CPU
		Release|Any CPU = Release|Any CPU
	EndGlobalSection
	GlobalSection(ProjectConfigurationPlatforms) = postSolution
		{B985C6A3-205B-47D5-A99D-DF74705535F2}.Debug|Any CPU.ActiveCfg = Debug|Any CPU
		{B985C6A3-205B-47D5-A99D-DF74705535F2}.Debug|Any CPU.Build.0 = Debug|Any CPU
		{B985C6A3-205B-47D5-A99D-DF74705535F2}.Release|Any CPU.ActiveCfg = Release|Any CPU
		{B985C6A3-205B-47D5-A99D-DF74705535F2}.Release|Any CPU.Build.0 = Release|Any CPU
	EndGlobalSection
	GlobalSection(SolutionProperties) = preSolution
		HideSolutionNode = FALSE
	EndGlobalSection
	GlobalSection(ExtensibilityGlobals) = postSolution
		SolutionGuid = {DD729E75-45C3-4872-BF01-7E0695014187}
	EndGlobalSection
EndGlobal
